
Microsoft Visual Studio Solution File, Format Version 12.00
# Visual Studio 2012
Project("{FAE04EC0-301F-11D3-BF4B-00C04F79EFBC}") = "NuGetPackageExplorer", "NuGetPackageExplorer\NuGetPackageExplorer.csproj", "{CEB1F260-BE4B-4ED7-9CBB-EBA9B17DE7AD}"
EndProject
Global
	GlobalSection(SolutionConfigurationPlatforms) = preSolution
		Debug|Any CPU = Debug|Any CPU
		Release|Any CPU = Release|Any CPU
	EndGlobalSection
	GlobalSection(ProjectConfigurationPlatforms) = postSolution
		{CEB1F260-BE4B-4ED7-9CBB-EBA9B17DE7AD}.Debug|Any CPU.ActiveCfg = Debug|Any CPU
		{CEB1F260-BE4B-4ED7-9CBB-EBA9B17DE7AD}.Debug|Any CPU.Build.0 = Debug|Any CPU
		{CEB1F260-BE4B-4ED7-9CBB-EBA9B17DE7AD}.Release|Any CPU.ActiveCfg = Release|Any CPU
		{CEB1F260-BE4B-4ED7-9CBB-EBA9B17DE7AD}.Release|Any CPU.Build.0 = Release|Any CPU
	EndGlobalSection
EndGlobal
